// !$*UTF8*$!
{
	archiveVersion = 1;
	classes = {
	};
	objectVersion = 46;
	objects = {

/* Begin PBXBuildFile section */
		C0EC4E0A1AA04BDC00511755 /* AppDelegate.swift in Sources */ = {isa = PBXBuildFile; fileRef = C0EC4E091AA04BDC00511755 /* AppDelegate.swift */; };
		C0EC4E0C1AA04BDC00511755 /* ViewController.swift in Sources */ = {isa = PBXBuildFile; fileRef = C0EC4E0B1AA04BDC00511755 /* ViewController.swift */; };
		C0EC4E0F1AA04BDC00511755 /* Main.storyboard in Resources */ = {isa = PBXBuildFile; fileRef = C0EC4E0D1AA04BDC00511755 /* Main.storyboard */; };
		C0EC4E111AA04BDC00511755 /* Images.xcassets in Resources */ = {isa = PBXBuildFile; fileRef = C0EC4E101AA04BDC00511755 /* Images.xcassets */; };
		C0EC4E141AA04BDC00511755 /* LaunchScreen.xib in Resources */ = {isa = PBXBuildFile; fileRef = C0EC4E121AA04BDC00511755 /* LaunchScreen.xib */; };
		C0EC4E201AA04BDC00511755 /* NKJSONTests.swift in Sources */ = {isa = PBXBuildFile; fileRef = C0EC4E1F1AA04BDC00511755 /* NKJSONTests.swift */; };
/* End PBXBuildFile section */

/* Begin PBXContainerItemProxy section */
		C0EC4E1A1AA04BDC00511755 /* PBXContainerItemProxy */ = {
			isa = PBXContainerItemProxy;
			containerPortal = C0EC4DFC1AA04BDB00511755 /* Project object */;
			proxyType = 1;
			remoteGlobalIDString = C0EC4E031AA04BDB00511755;
			remoteInfo = NKJSON;
		};
/* End PBXContainerItemProxy section */

/* Begin PBXFileReference section */
		C0EC4E041AA04BDB00511755 /* NKJSON.app */ = {isa = PBXFileReference; explicitFileType = wrapper.application; includeInIndex = 0; path = NKJSON.app; sourceTree = BUILT_PRODUCTS_DIR; };
		C0EC4E081AA04BDC00511755 /* Info.plist */ = {isa = PBXFileReference; lastKnownFileType = text.plist.xml; path = Info.plist; sourceTree = "<group>"; };
		C0EC4E091AA04BDC00511755 /* AppDelegate.swift */ = {isa = PBXFileReference; lastKnownFileType = sourcecode.swift; path = AppDelegate.swift; sourceTree = "<group>"; };
		C0EC4E0B1AA04BDC00511755 /* ViewController.swift */ = {isa = PBXFileReference; lastKnownFileType = sourcecode.swift; path = ViewController.swift; sourceTree = "<group>"; };
		C0EC4E0E1AA04BDC00511755 /* Base */ = {isa = PBXFileReference; lastKnownFileType = file.storyboard; name = Base; path = Base.lproj/Main.storyboard; sourceTree = "<group>"; };
		C0EC4E101AA04BDC00511755 /* Images.xcassets */ = {isa = PBXFileReference; lastKnownFileType = folder.assetcatalog; path = Images.xcassets; sourceTree = "<group>"; };
		C0EC4E131AA04BDC00511755 /* Base */ = {isa = PBXFileReference; lastKnownFileType = file.xib; name = Base; path = Base.lproj/LaunchScreen.xib; sourceTree = "<group>"; };
		C0EC4E191AA04BDC00511755 /* NKJSONTests.xctest */ = {isa = PBXFileReference; explicitFileType = wrapper.cfbundle; includeInIndex = 0; path = NKJSONTests.xctest; sourceTree = BUILT_PRODUCTS_DIR; };
		C0EC4E1E1AA04BDC00511755 /* Info.plist */ = {isa = PBXFileReference; lastKnownFileType = text.plist.xml; path = Info.plist; sourceTree = "<group>"; };
		C0EC4E1F1AA04BDC00511755 /* NKJSONTests.swift */ = {isa = PBXFileReference; lastKnownFileType = sourcecode.swift; path = NKJSONTests.swift; sourceTree = "<group>"; };
/* End PBXFileReference section */

/* Begin PBXFrameworksBuildPhase section */
		C0EC4E011AA04BDB00511755 /* Frameworks */ = {
			isa = PBXFrameworksBuildPhase;
			buildActionMask = 2147483647;
			files = (
			);
			runOnlyForDeploymentPostprocessing = 0;
		};
		C0EC4E161AA04BDC00511755 /* Frameworks */ = {
			isa = PBXFrameworksBuildPhase;
			buildActionMask = 2147483647;
			files = (
			);
			runOnlyForDeploymentPostprocessing = 0;
		};
/* End PBXFrameworksBuildPhase section */

/* Begin PBXGroup section */
		C0EC4DFB1AA04BDB00511755 = {
			isa = PBXGroup;
			children = (
				C0EC4E061AA04BDB00511755 /* NKJSON */,
				C0EC4E1C1AA04BDC00511755 /* NKJSONTests */,
				C0EC4E051AA04BDB00511755 /* Products */,
			);
			sourceTree = "<group>";
		};
		C0EC4E051AA04BDB00511755 /* Products */ = {
			isa = PBXGroup;
			children = (
				C0EC4E041AA04BDB00511755 /* NKJSON.app */,
				C0EC4E191AA04BDC00511755 /* NKJSONTests.xctest */,
			);
			name = Products;
			sourceTree = "<group>";
		};
		C0EC4E061AA04BDB00511755 /* NKJSON */ = {
			isa = PBXGroup;
			children = (
				C0EC4E091AA04BDC00511755 /* AppDelegate.swift */,
				C0EC4E0B1AA04BDC00511755 /* ViewController.swift */,
				C0EC4E0D1AA04BDC00511755 /* Main.storyboard */,
				C0EC4E101AA04BDC00511755 /* Images.xcassets */,
				C0EC4E121AA04BDC00511755 /* LaunchScreen.xib */,
				C0EC4E071AA04BDB00511755 /* Supporting Files */,
			);
			path = NKJSON;
			sourceTree = "<group>";
		};
		C0EC4E071AA04BDB00511755 /* Supporting Files */ = {
			isa = PBXGroup;
			children = (
				C0EC4E081AA04BDC00511755 /* Info.plist */,
			);
			name = "Supporting Files";
			sourceTree = "<group>";
		};
		C0EC4E1C1AA04BDC00511755 /* NKJSONTests */ = {
			isa = PBXGroup;
			children = (
				C0EC4E1F1AA04BDC00511755 /* NKJSONTests.swift */,
				C0EC4E1D1AA04BDC00511755 /* Supporting Files */,
			);
			path = NKJSONTests;
			sourceTree = "<group>";
		};
		C0EC4E1D1AA04BDC00511755 /* Supporting Files */ = {
			isa = PBXGroup;
			children = (
				C0EC4E1E1AA04BDC00511755 /* Info.plist */,
			);
			name = "Supporting Files";
			sourceTree = "<group>";
		};
/* End PBXGroup section */

/* Begin PBXNativeTarget section */
		C0EC4E031AA04BDB00511755 /* NKJSON */ = {
			isa = PBXNativeTarget;
			buildConfigurationList = C0EC4E231AA04BDC00511755 /* Build configuration list for PBXNativeTarget "NKJSON" */;
			buildPhases = (
				C0EC4E001AA04BDB00511755 /* Sources */,
				C0EC4E011AA04BDB00511755 /* Frameworks */,
				C0EC4E021AA04BDB00511755 /* Resources */,
			);
			buildRules = (
			);
			dependencies = (
			);
			name = NKJSON;
			productName = NKJSON;
			productReference = C0EC4E041AA04BDB00511755 /* NKJSON.app */;
			productType = "com.apple.product-type.application";
		};
		C0EC4E181AA04BDC00511755 /* NKJSONTests */ = {
			isa = PBXNativeTarget;
			buildConfigurationList = C0EC4E261AA04BDC00511755 /* Build configuration list for PBXNativeTarget "NKJSONTests" */;
			buildPhases = (
				C0EC4E151AA04BDC00511755 /* Sources */,
				C0EC4E161AA04BDC00511755 /* Frameworks */,
				C0EC4E171AA04BDC00511755 /* Resources */,
			);
			buildRules = (
			);
			dependencies = (
				C0EC4E1B1AA04BDC00511755 /* PBXTargetDependency */,
			);
			name = NKJSONTests;
			productName = NKJSONTests;
			productReference = C0EC4E191AA04BDC00511755 /* NKJSONTests.xctest */;
			productType = "com.apple.product-type.bundle.unit-test";
		};
/* End PBXNativeTarget section */

/* Begin PBXProject section */
		C0EC4DFC1AA04BDB00511755 /* Project object */ = {
			isa = PBXProject;
			attributes = {
				LastUpgradeCheck = 0610;
				ORGANIZATIONNAME = Nakko;
				TargetAttributes = {
					C0EC4E031AA04BDB00511755 = {
						CreatedOnToolsVersion = 6.1.1;
					};
					C0EC4E181AA04BDC00511755 = {
						CreatedOnToolsVersion = 6.1.1;
						TestTargetID = C0EC4E031AA04BDB00511755;
					};
				};
			};
			buildConfigurationList = C0EC4DFF1AA04BDB00511755 /* Build configuration list for PBXProject "NKJSON" */;
			compatibilityVersion = "Xcode 3.2";
			developmentRegion = English;
			hasScannedForEncodings = 0;
			knownRegions = (
				en,
				Base,
			);
			mainGroup = C0EC4DFB1AA04BDB00511755;
			productRefGroup = C0EC4E051AA04BDB00511755 /* Products */;
			projectDirPath = "";
			projectRoot = "";
			targets = (
				C0EC4E031AA04BDB00511755 /* NKJSON */,
				C0EC4E181AA04BDC00511755 /* NKJSONTests */,
			);
		};
/* End PBXProject section */

/* Begin PBXResourcesBuildPhase section */
		C0EC4E021AA04BDB00511755 /* Resources */ = {
			isa = PBXResourcesBuildPhase;
			buildActionMask = 2147483647;
			files = (
				C0EC4E0F1AA04BDC00511755 /* Main.storyboard in Resources */,
				C0EC4E141AA04BDC00511755 /* LaunchScreen.xib in Resources */,
				C0EC4E111AA04BDC00511755 /* Images.xcassets in Resources */,
			);
			runOnlyForDeploymentPostprocessing = 0;
		};
		C0EC4E171AA04BDC00511755 /* Resources */ = {
			isa = PBXResourcesBuildPhase;
			buildActionMask = 2147483647;
			files = (
			);
			runOnlyForDeploymentPostprocessing = 0;
		};
/* End PBXResourcesBuildPhase section */

/* Begin PBXSourcesBuildPhase section */
		C0EC4E001AA04BDB00511755 /* Sources */ = {
			isa = PBXSourcesBuildPhase;
			buildActionMask = 2147483647;
			files = (
				C0EC4E0C1AA04BDC00511755 /* ViewController.swift in Sources */,
				C0EC4E0A1AA04BDC00511755 /* AppDelegate.swift in Sources */,
			);
			runOnlyForDeploymentPostprocessing = 0;
		};
		C0EC4E151AA04BDC00511755 /* Sources */ = {
			isa = PBXSourcesBuildPhase;
			buildActionMask = 2147483647;
			files = (
				C0EC4E201AA04BDC00511755 /* NKJSONTests.swift in Sources */,
			);
			runOnlyForDeploymentPostprocessing = 0;
		};
/* End PBXSourcesBuildPhase section */

/* Begin PBXTargetDependency section */
		C0EC4E1B1AA04BDC00511755 /* PBXTargetDependency */ = {
			isa = PBXTargetDependency;
			target = C0EC4E031AA04BDB00511755 /* NKJSON */;
			targetProxy = C0EC4E1A1AA04BDC00511755 /* PBXContainerItemProxy */;
		};
/* End PBXTargetDependency section */

/* Begin PBXVariantGroup section */
		C0EC4E0D1AA04BDC00511755 /* Main.storyboard */ = {
			isa = PBXVariantGroup;
			children = (
				C0EC4E0E1AA04BDC00511755 /* Base */,
			);
			name = Main.storyboard;
			sourceTree = "<group>";
		};
		C0EC4E121AA04BDC00511755 /* LaunchScreen.xib */ = {
			isa = PBXVariantGroup;
			children = (
				C0EC4E131AA04BDC00511755 /* Base */,
			);
			name = LaunchScreen.xib;
			sourceTree = "<group>";
		};
/* End PBXVariantGroup section */

/* Begin XCBuildConfiguration section */
		C0EC4E211AA04BDC00511755 /* Debug */ = {
			isa = XCBuildConfiguration;
			buildSettings = {
				ALWAYS_SEARCH_USER_PATHS = NO;
				CLANG_CXX_LANGUAGE_STANDARD = "gnu++0x";
				CLANG_CXX_LIBRARY = "libc++";
				CLANG_ENABLE_MODULES = YES;
				CLANG_ENABLE_OBJC_ARC = YES;
				CLANG_WARN_BOOL_CONVERSION = YES;
				CLANG_WARN_CONSTANT_CONVERSION = YES;
				CLANG_WARN_DIRECT_OBJC_ISA_USAGE = YES_ERROR;
				CLANG_WARN_EMPTY_BODY = YES;
				CLANG_WARN_ENUM_CONVERSION = YES;
				CLANG_WARN_INT_CONVERSION = YES;
				CLANG_WARN_OBJC_ROOT_CLASS = YES_ERROR;
				CLANG_WARN_UNREACHABLE_CODE = YES;
				CLANG_WARN__DUPLICATE_METHOD_MATCH = YES;
				"CODE_SIGN_IDENTITY[sdk=iphoneos*]" = "iPhone Developer";
				COPY_PHASE_STRIP = NO;
				ENABLE_STRICT_OBJC_MSGSEND = YES;
				GCC_C_LANGUAGE_STANDARD = gnu99;
				GCC_DYNAMIC_NO_PIC = NO;
				GCC_OPTIMIZATION_LEVEL = 0;
				GCC_PREPROCESSOR_DEFINITIONS = (
					"DEBUG=1",
					"$(inherited)",
				);
				GCC_SYMBOLS_PRIVATE_EXTERN = NO;
				GCC_WARN_64_TO_32_BIT_CONVERSION = YES;
				GCC_WARN_ABOUT_RETURN_TYPE = YES_ERROR;
				GCC_WARN_UNDECLARED_SELECTOR = YES;
				GCC_WARN_UNINITIALIZED_AUTOS = YES_AGGRESSIVE;
				GCC_WARN_UNUSED_FUNCTION = YES;
				GCC_WARN_UNUSED_VARIABLE = YES;
				IPHONEOS_DEPLOYMENT_TARGET = 8.1;
				MTL_ENABLE_DEBUG_INFO = YES;
				ONLY_ACTIVE_ARCH = YES;
				SDKROOT = iphoneos;
				SWIFT_OPTIMIZATION_LEVEL = "-Onone";
			};
			name = Debug;
		};
		C0EC4E221AA04BDC00511755 /* Release */ = {
			isa = XCBuildConfiguration;
			buildSettings = {
				ALWAYS_SEARCH_USER_PATHS = NO;
				CLANG_CXX_LANGUAGE_STANDARD = "gnu++0x";
				CLANG_CXX_LIBRARY = "libc++";
				CLANG_ENABLE_MODULES = YES;
				CLANG_ENABLE_OBJC_ARC = YES;
				CLANG_WARN_BOOL_CONVERSION = YES;
				CLANG_WARN_CONSTANT_CONVERSION = YES;
				CLANG_WARN_DIRECT_OBJC_ISA_USAGE = YES_ERROR;
				CLANG_WARN_EMPTY_BODY = YES;
				CLANG_WARN_ENUM_CONVERSION = YES;
				CLANG_WARN_INT_CONVERSION = YES;
				CLANG_WARN_OBJC_ROOT_CLASS = YES_ERROR;
				CLANG_WARN_UNREACHABLE_CODE = YES;
				CLANG_WARN__DUPLICATE_METHOD_MATCH = YES;
				"CODE_SIGN_IDENTITY[sdk=iphoneos*]" = "iPhone Developer";
				COPY_PHASE_STRIP = YES;
				ENABLE_NS_ASSERTIONS = NO;
				ENABLE_STRICT_OBJC_MSGSEND = YES;
				GCC_C_LANGUAGE_STANDARD = gnu99;
				GCC_WARN_64_TO_32_BIT_CONVERSION = YES;
				GCC_WARN_ABOUT_RETURN_TYPE = YES_ERROR;
				GCC_WARN_UNDECLARED_SELECTOR = YES;
				GCC_WARN_UNINITIALIZED_AUTOS = YES_AGGRESSIVE;
				GCC_WARN_UNUSED_FUNCTION = YES;
				GCC_WARN_UNUSED_VARIABLE = YES;
				IPHONEOS_DEPLOYMENT_TARGET = 8.1;
				MTL_ENABLE_DEBUG_INFO = NO;
				SDKROOT = iphoneos;
				VALIDATE_PRODUCT = YES;
			};
			name = Release;
		};
		C0EC4E241AA04BDC00511755 /* Debug */ = {
			isa = XCBuildConfiguration;
			buildSettings = {
				ASSETCATALOG_COMPILER_APPICON_NAME = AppIcon;
				INFOPLIST_FILE = NKJSON/Info.plist;
				LD_RUNPATH_SEARCH_PATHS = "$(inherited) @executable_path/Frameworks";
				PRODUCT_NAME = "$(TARGET_NAME)";
			};
			name = Debug;
		};
		C0EC4E251AA04BDC00511755 /* Release */ = {
			isa = XCBuildConfiguration;
			buildSettings = {
				ASSETCATALOG_COMPILER_APPICON_NAME = AppIcon;
				INFOPLIST_FILE = NKJSON/Info.plist;
				LD_RUNPATH_SEARCH_PATHS = "$(inherited) @executable_path/Frameworks";
				PRODUCT_NAME = "$(TARGET_NAME)";
			};
			name = Release;
		};
		C0EC4E271AA04BDC00511755 /* Debug */ = {
			isa = XCBuildConfiguration;
			buildSettings = {
				BUNDLE_LOADER = "$(TEST_HOST)";
				FRAMEWORK_SEARCH_PATHS = (
					"$(SDKROOT)/Developer/Library/Frameworks",
					"$(inherited)",
				);
				GCC_PREPROCESSOR_DEFINITIONS = (
					"DEBUG=1",
					"$(inherited)",
				);
				INFOPLIST_FILE = NKJSONTests/Info.plist;
				LD_RUNPATH_SEARCH_PATHS = "$(inherited) @executable_path/Frameworks @loader_path/Frameworks";
				PRODUCT_NAME = "$(TARGET_NAME)";
				TEST_HOST = "$(BUILT_PRODUCTS_DIR)/NKJSON.app/NKJSON";
			};
			name = Debug;
		};
		C0EC4E281AA04BDC00511755 /* Release */ = {
			isa = XCBuildConfiguration;
			buildSettings = {
				BUNDLE_LOADER = "$(TEST_HOST)";
				FRAMEWORK_SEARCH_PATHS = (
					"$(SDKROOT)/Developer/Library/Frameworks",
					"$(inherited)",
				);
				INFOPLIST_FILE = NKJSONTests/Info.plist;
				LD_RUNPATH_SEARCH_PATHS = "$(inherited) @executable_path/Frameworks @loader_path/Frameworks";
				PRODUCT_NAME = "$(TARGET_NAME)";
				TEST_HOST = "$(BUILT_PRODUCTS_DIR)/NKJSON.app/NKJSON";
			};
			name = Release;
		};
/* End XCBuildConfiguration section */

/* Begin XCConfigurationList section */
		C0EC4DFF1AA04BDB00511755 /* Build configuration list for PBXProject "NKJSON" */ = {
			isa = XCConfigurationList;
			buildConfigurations = (
				C0EC4E211AA04BDC00511755 /* Debug */,
				C0EC4E221AA04BDC00511755 /* Release */,
			);
			defaultConfigurationIsVisible = 0;
			defaultConfigurationName = Release;
		};
		C0EC4E231AA04BDC00511755 /* Build configuration list for PBXNativeTarget "NKJSON" */ = {
			isa = XCConfigurationList;
			buildConfigurations = (
				C0EC4E241AA04BDC00511755 /* Debug */,
				C0EC4E251AA04BDC00511755 /* Release */,
			);
			defaultConfigurationIsVisible = 0;
		};
		C0EC4E261AA04BDC00511755 /* Build configuration list for PBXNativeTarget "NKJSONTests" */ = {
			isa = XCConfigurationList;
			buildConfigurations = (
				C0EC4E271AA04BDC00511755 /* Debug */,
				C0EC4E281AA04BDC00511755 /* Release */,
			);
			defaultConfigurationIsVisible = 0;
		};
/* End XCConfigurationList section */
	};
	rootObject = C0EC4DFC1AA04BDB00511755 /* Project object */;
}
